
Microsoft Visual Studio Solution File, Format Version 12.00
# Visual Studio Version 17
VisualStudioVersion = 17.7.34221.43
MinimumVisualStudioVersion = 10.0.40219.1
Project("{FAE04EC0-301F-11D3-BF4B-00C04F79EFBC}") = "BackendApi", "BackendApi\BackendApi.csproj", "{B68656B5-309B-47EA-BD0A-902BD132EDAE}"
EndProject
Global
	GlobalSection(SolutionConfigurationPlatforms) = preSolution
		Debug|Any CPU = Debug|Any CPU
		Release|Any CPU = Release|Any CPU
	EndGlobalSection
	GlobalSection(ProjectConfigurationPlatforms) = postSolution
		{B68656B5-309B-47EA-BD0A-902BD132EDAE}.Debug|Any CPU.ActiveCfg = Debug|Any CPU
		{B68656B5-309B-47EA-BD0A-902BD132EDAE}.Debug|Any CPU.Build.0 = Debug|Any CPU
		{B68656B5-309B-47EA-BD0A-902BD132EDAE}.Release|Any CPU.ActiveCfg = Release|Any CPU
		{B68656B5-309B-47EA-BD0A-902BD132EDAE}.Release|Any CPU.Build.0 = Release|Any CPU
	EndGlobalSection
	GlobalSection(SolutionProperties) = preSolution
		HideSolutionNode = FALSE
	EndGlobalSection
	GlobalSection(ExtensibilityGlobals) = postSolution
		SolutionGuid = {E3EB120C-7239-4429-B097-445499E2A6B0}
	EndGlobalSection
EndGlobal
